// !$*UTF8*$!
{
	archiveVersion = 1;
	classes = {
	};
	objectVersion = 48;
	objects = {

/* Begin PBXBuildFile section */
		2503752A5538B4705319A6E6 /* Pods_user_monitoring_test_appUITests.framework in Frameworks */ = {isa = PBXBuildFile; fileRef = A0FF26F2466BA3C6C598BE7E /* Pods_user_monitoring_test_appUITests.framework */; };
		40B3907BA7E151437276A9FD /* Pods_user_monitoring_test_app.framework in Frameworks */ = {isa = PBXBuildFile; fileRef = 6552065E12E78E59461773E4 /* Pods_user_monitoring_test_app.framework */; };
		854DB7CC465953EB613C364B /* Pods_user_monitoring_test_appTests.framework in Frameworks */ = {isa = PBXBuildFile; fileRef = 0888C0B809C860F43CA9A413 /* Pods_user_monitoring_test_appTests.framework */; };
		9E49654F203451D300C138B2 /* AppDelegate.swift in Sources */ = {isa = PBXBuildFile; fileRef = 9E49654E203451D300C138B2 /* AppDelegate.swift */; };
		9E496554203451D300C138B2 /* Main.storyboard in Resources */ = {isa = PBXBuildFile; fileRef = 9E496552203451D300C138B2 /* Main.storyboard */; };
		9E496557203451D300C138B2 /* user_monitoring_test_app.xcdatamodeld in Sources */ = {isa = PBXBuildFile; fileRef = 9E496555203451D300C138B2 /* user_monitoring_test_app.xcdatamodeld */; };
		9E496559203451D300C138B2 /* Assets.xcassets in Resources */ = {isa = PBXBuildFile; fileRef = 9E496558203451D300C138B2 /* Assets.xcassets */; };
		9E49655C203451D300C138B2 /* LaunchScreen.storyboard in Resources */ = {isa = PBXBuildFile; fileRef = 9E49655A203451D300C138B2 /* LaunchScreen.storyboard */; };
		9E496567203451D300C138B2 /* user_monitoring_test_appTests.swift in Sources */ = {isa = PBXBuildFile; fileRef = 9E496566203451D300C138B2 /* user_monitoring_test_appTests.swift */; };
		9E496572203451D300C138B2 /* user_monitoring_test_appUITests.swift in Sources */ = {isa = PBXBuildFile; fileRef = 9E496571203451D300C138B2 /* user_monitoring_test_appUITests.swift */; };
		9E7D3D0C2035A269006102C6 /* GoogleMapsViewController.swift in Sources */ = {isa = PBXBuildFile; fileRef = 9E7D3D0B2035A269006102C6 /* GoogleMapsViewController.swift */; };
		9E7D3D102035AC03006102C6 /* UserObservedListViewController.swift in Sources */ = {isa = PBXBuildFile; fileRef = 9E7D3D0F2035AC03006102C6 /* UserObservedListViewController.swift */; };
		9E7D3D132035AE11006102C6 /* MonitoringUser.swift in Sources */ = {isa = PBXBuildFile; fileRef = 9E7D3D122035AE11006102C6 /* MonitoringUser.swift */; };
		9E7D3D152035BC55006102C6 /* App.swift in Sources */ = {isa = PBXBuildFile; fileRef = 9E7D3D142035BC55006102C6 /* App.swift */; };
		9E7D3D192035BF86006102C6 /* Firebase.swift in Sources */ = {isa = PBXBuildFile; fileRef = 9E7D3D182035BF86006102C6 /* Firebase.swift */; };
/* End PBXBuildFile section */

/* Begin PBXContainerItemProxy section */
		9E496563203451D300C138B2 /* PBXContainerItemProxy */ = {
			isa = PBXContainerItemProxy;
			containerPortal = 9E496543203451D300C138B2 /* Project object */;
			proxyType = 1;
			remoteGlobalIDString = 9E49654A203451D300C138B2;
			remoteInfo = user_monitoring_test_app;
		};
		9E49656E203451D300C138B2 /* PBXContainerItemProxy */ = {
			isa = PBXContainerItemProxy;
			containerPortal = 9E496543203451D300C138B2 /* Project object */;
			proxyType = 1;
			remoteGlobalIDString = 9E49654A203451D300C138B2;
			remoteInfo = user_monitoring_test_app;
		};
/* End PBXContainerItemProxy section */

/* Begin PBXFileReference section */
		082E282A29C0D00A4D4884BA /* Pods-user_monitoring_test_app.release.xcconfig */ = {isa = PBXFileReference; includeInIndex = 1; lastKnownFileType = text.xcconfig; name = "Pods-user_monitoring_test_app.release.xcconfig"; path = "Pods/Target Support Files/Pods-user_monitoring_test_app/Pods-user_monitoring_test_app.release.xcconfig"; sourceTree = "<group>"; };
		0888C0B809C860F43CA9A413 /* Pods_user_monitoring_test_appTests.framework */ = {isa = PBXFileReference; explicitFileType = wrapper.framework; includeInIndex = 0; path = Pods_user_monitoring_test_appTests.framework; sourceTree = BUILT_PRODUCTS_DIR; };
		0B6B97417D75A7FF85E2222C /* Pods-user_monitoring_test_appUITests.release.xcconfig */ = {isa = PBXFileReference; includeInIndex = 1; lastKnownFileType = text.xcconfig; name = "Pods-user_monitoring_test_appUITests.release.xcconfig"; path = "Pods/Target Support Files/Pods-user_monitoring_test_appUITests/Pods-user_monitoring_test_appUITests.release.xcconfig"; sourceTree = "<group>"; };
		1460DE0971E07E737FD991BE /* Pods-user_monitoring_test_app.debug.xcconfig */ = {isa = PBXFileReference; includeInIndex = 1; lastKnownFileType = text.xcconfig; name = "Pods-user_monitoring_test_app.debug.xcconfig"; path = "Pods/Target Support Files/Pods-user_monitoring_test_app/Pods-user_monitoring_test_app.debug.xcconfig"; sourceTree = "<group>"; };
		4555E9939DC09F493E3C39AA /* Pods-user_monitoring_test_appTests.debug.xcconfig */ = {isa = PBXFileReference; includeInIndex = 1; lastKnownFileType = text.xcconfig; name = "Pods-user_monitoring_test_appTests.debug.xcconfig"; path = "Pods/Target Support Files/Pods-user_monitoring_test_appTests/Pods-user_monitoring_test_appTests.debug.xcconfig"; sourceTree = "<group>"; };
		5F62F9481418D87237FC19A1 /* Pods-user_monitoring_test_appUITests.debug.xcconfig */ = {isa = PBXFileReference; includeInIndex = 1; lastKnownFileType = text.xcconfig; name = "Pods-user_monitoring_test_appUITests.debug.xcconfig"; path = "Pods/Target Support Files/Pods-user_monitoring_test_appUITests/Pods-user_monitoring_test_appUITests.debug.xcconfig"; sourceTree = "<group>"; };
		6552065E12E78E59461773E4 /* Pods_user_monitoring_test_app.framework */ = {isa = PBXFileReference; explicitFileType = wrapper.framework; includeInIndex = 0; path = Pods_user_monitoring_test_app.framework; sourceTree = BUILT_PRODUCTS_DIR; };
		9E49654B203451D300C138B2 /* user_monitoring_test_app.app */ = {isa = PBXFileReference; explicitFileType = wrapper.application; includeInIndex = 0; path = user_monitoring_test_app.app; sourceTree = BUILT_PRODUCTS_DIR; };
		9E49654E203451D300C138B2 /* AppDelegate.swift */ = {isa = PBXFileReference; lastKnownFileType = sourcecode.swift; path = AppDelegate.swift; sourceTree = "<group>"; };
		9E496553203451D300C138B2 /* Base */ = {isa = PBXFileReference; lastKnownFileType = file.storyboard; name = Base; path = Base.lproj/Main.storyboard; sourceTree = "<group>"; };
		9E496556203451D300C138B2 /* user_monitoring_test_app.xcdatamodel */ = {isa = PBXFileReference; lastKnownFileType = wrapper.xcdatamodel; path = user_monitoring_test_app.xcdatamodel; sourceTree = "<group>"; };
		9E496558203451D300C138B2 /* Assets.xcassets */ = {isa = PBXFileReference; lastKnownFileType = folder.assetcatalog; path = Assets.xcassets; sourceTree = "<group>"; };
		9E49655B203451D300C138B2 /* Base */ = {isa = PBXFileReference; lastKnownFileType = file.storyboard; name = Base; path = Base.lproj/LaunchScreen.storyboard; sourceTree = "<group>"; };
		9E49655D203451D300C138B2 /* Info.plist */ = {isa = PBXFileReference; lastKnownFileType = text.plist.xml; path = Info.plist; sourceTree = "<group>"; };
		9E496562203451D300C138B2 /* user_monitoring_test_appTests.xctest */ = {isa = PBXFileReference; explicitFileType = wrapper.cfbundle; includeInIndex = 0; path = user_monitoring_test_appTests.xctest; sourceTree = BUILT_PRODUCTS_DIR; };
		9E496566203451D300C138B2 /* user_monitoring_test_appTests.swift */ = {isa = PBXFileReference; lastKnownFileType = sourcecode.swift; path = user_monitoring_test_appTests.swift; sourceTree = "<group>"; };
		9E496568203451D300C138B2 /* Info.plist */ = {isa = PBXFileReference; lastKnownFileType = text.plist.xml; path = Info.plist; sourceTree = "<group>"; };
		9E49656D203451D300C138B2 /* user_monitoring_test_appUITests.xctest */ = {isa = PBXFileReference; explicitFileType = wrapper.cfbundle; includeInIndex = 0; path = user_monitoring_test_appUITests.xctest; sourceTree = BUILT_PRODUCTS_DIR; };
		9E496571203451D300C138B2 /* user_monitoring_test_appUITests.swift */ = {isa = PBXFileReference; lastKnownFileType = sourcecode.swift; path = user_monitoring_test_appUITests.swift; sourceTree = "<group>"; };
		9E496573203451D300C138B2 /* Info.plist */ = {isa = PBXFileReference; lastKnownFileType = text.plist.xml; path = Info.plist; sourceTree = "<group>"; };
		9E7D3D0B2035A269006102C6 /* GoogleMapsViewController.swift */ = {isa = PBXFileReference; lastKnownFileType = sourcecode.swift; path = GoogleMapsViewController.swift; sourceTree = "<group>"; };
		9E7D3D0F2035AC03006102C6 /* UserObservedListViewController.swift */ = {isa = PBXFileReference; lastKnownFileType = sourcecode.swift; path = UserObservedListViewController.swift; sourceTree = "<group>"; };
		9E7D3D122035AE11006102C6 /* MonitoringUser.swift */ = {isa = PBXFileReference; lastKnownFileType = sourcecode.swift; path = MonitoringUser.swift; sourceTree = "<group>"; };
		9E7D3D142035BC55006102C6 /* App.swift */ = {isa = PBXFileReference; lastKnownFileType = sourcecode.swift; path = App.swift; sourceTree = "<group>"; };
		9E7D3D182035BF86006102C6 /* Firebase.swift */ = {isa = PBXFileReference; lastKnownFileType = sourcecode.swift; path = Firebase.swift; sourceTree = "<group>"; };
		A0FF26F2466BA3C6C598BE7E /* Pods_user_monitoring_test_appUITests.framework */ = {isa = PBXFileReference; explicitFileType = wrapper.framework; includeInIndex = 0; path = Pods_user_monitoring_test_appUITests.framework; sourceTree = BUILT_PRODUCTS_DIR; };
		F09863B4D5DE145F434368C9 /* Pods-user_monitoring_test_appTests.release.xcconfig */ = {isa = PBXFileReference; includeInIndex = 1; lastKnownFileType = text.xcconfig; name = "Pods-user_monitoring_test_appTests.release.xcconfig"; path = "Pods/Target Support Files/Pods-user_monitoring_test_appTests/Pods-user_monitoring_test_appTests.release.xcconfig"; sourceTree = "<group>"; };
/* End PBXFileReference section */

/* Begin PBXFrameworksBuildPhase section */
		9E496548203451D300C138B2 /* Frameworks */ = {
			isa = PBXFrameworksBuildPhase;
			buildActionMask = 2147483647;
			files = (
				40B3907BA7E151437276A9FD /* Pods_user_monitoring_test_app.framework in Frameworks */,
			);
			runOnlyForDeploymentPostprocessing = 0;
		};
		9E49655F203451D300C138B2 /* Frameworks */ = {
			isa = PBXFrameworksBuildPhase;
			buildActionMask = 2147483647;
			files = (
				854DB7CC465953EB613C364B /* Pods_user_monitoring_test_appTests.framework in Frameworks */,
			);
			runOnlyForDeploymentPostprocessing = 0;
		};
		9E49656A203451D300C138B2 /* Frameworks */ = {
			isa = PBXFrameworksBuildPhase;
			buildActionMask = 2147483647;
			files = (
				2503752A5538B4705319A6E6 /* Pods_user_monitoring_test_appUITests.framework in Frameworks */,
			);
			runOnlyForDeploymentPostprocessing = 0;
		};
/* End PBXFrameworksBuildPhase section */

/* Begin PBXGroup section */
		7E96061552DCFC7D404DEB87 /* Frameworks */ = {
			isa = PBXGroup;
			children = (
				6552065E12E78E59461773E4 /* Pods_user_monitoring_test_app.framework */,
				0888C0B809C860F43CA9A413 /* Pods_user_monitoring_test_appTests.framework */,
				A0FF26F2466BA3C6C598BE7E /* Pods_user_monitoring_test_appUITests.framework */,
			);
			name = Frameworks;
			sourceTree = "<group>";
		};
		89A8ECF25C9FEE1D736B587A /* Pods */ = {
			isa = PBXGroup;
			children = (
				1460DE0971E07E737FD991BE /* Pods-user_monitoring_test_app.debug.xcconfig */,
				082E282A29C0D00A4D4884BA /* Pods-user_monitoring_test_app.release.xcconfig */,
				4555E9939DC09F493E3C39AA /* Pods-user_monitoring_test_appTests.debug.xcconfig */,
				F09863B4D5DE145F434368C9 /* Pods-user_monitoring_test_appTests.release.xcconfig */,
				5F62F9481418D87237FC19A1 /* Pods-user_monitoring_test_appUITests.debug.xcconfig */,
				0B6B97417D75A7FF85E2222C /* Pods-user_monitoring_test_appUITests.release.xcconfig */,
			);
			name = Pods;
			sourceTree = "<group>";
		};
		9E496542203451D300C138B2 = {
			isa = PBXGroup;
			children = (
				9E49654D203451D300C138B2 /* user_monitoring_test_app */,
				9E496565203451D300C138B2 /* user_monitoring_test_appTests */,
				9E496570203451D300C138B2 /* user_monitoring_test_appUITests */,
				9E49654C203451D300C138B2 /* Products */,
				89A8ECF25C9FEE1D736B587A /* Pods */,
				7E96061552DCFC7D404DEB87 /* Frameworks */,
			);
			sourceTree = "<group>";
		};
		9E49654C203451D300C138B2 /* Products */ = {
			isa = PBXGroup;
			children = (
				9E49654B203451D300C138B2 /* user_monitoring_test_app.app */,
				9E496562203451D300C138B2 /* user_monitoring_test_appTests.xctest */,
				9E49656D203451D300C138B2 /* user_monitoring_test_appUITests.xctest */,
			);
			name = Products;
			sourceTree = "<group>";
		};
		9E49654D203451D300C138B2 /* user_monitoring_test_app */ = {
			isa = PBXGroup;
			children = (
				9E7D3D162035BF47006102C6 /* Components */,
				9E7D3D082035A1B1006102C6 /* Pages */,
				9E49654E203451D300C138B2 /* AppDelegate.swift */,
				9E7D3D142035BC55006102C6 /* App.swift */,
				9E496552203451D300C138B2 /* Main.storyboard */,
				9E496558203451D300C138B2 /* Assets.xcassets */,
				9E49655A203451D300C138B2 /* LaunchScreen.storyboard */,
				9E49655D203451D300C138B2 /* Info.plist */,
				9E496555203451D300C138B2 /* user_monitoring_test_app.xcdatamodeld */,
			);
			path = user_monitoring_test_app;
			sourceTree = "<group>";
		};
		9E496565203451D300C138B2 /* user_monitoring_test_appTests */ = {
			isa = PBXGroup;
			children = (
				9E496566203451D300C138B2 /* user_monitoring_test_appTests.swift */,
				9E496568203451D300C138B2 /* Info.plist */,
			);
			path = user_monitoring_test_appTests;
			sourceTree = "<group>";
		};
		9E496570203451D300C138B2 /* user_monitoring_test_appUITests */ = {
			isa = PBXGroup;
			children = (
				9E496571203451D300C138B2 /* user_monitoring_test_appUITests.swift */,
				9E496573203451D300C138B2 /* Info.plist */,
			);
			path = user_monitoring_test_appUITests;
			sourceTree = "<group>";
		};
		9E7D3D082035A1B1006102C6 /* Pages */ = {
			isa = PBXGroup;
			children = (
				9E7D3D0D2035ABB2006102C6 /* UserObservedList */,
				9E7D3D092035A1D4006102C6 /* GoogleMaps */,
			);
			path = Pages;
			sourceTree = "<group>";
		};
		9E7D3D092035A1D4006102C6 /* GoogleMaps */ = {
			isa = PBXGroup;
			children = (
				9E7D3D0A2035A238006102C6 /* Controller */,
			);
			path = GoogleMaps;
			sourceTree = "<group>";
		};
		9E7D3D0A2035A238006102C6 /* Controller */ = {
			isa = PBXGroup;
			children = (
				9E7D3D0B2035A269006102C6 /* GoogleMapsViewController.swift */,
			);
			path = Controller;
			sourceTree = "<group>";
		};
		9E7D3D0D2035ABB2006102C6 /* UserObservedList */ = {
			isa = PBXGroup;
			children = (
				9E7D3D112035ADA8006102C6 /* Model */,
				9E7D3D0E2035ABEB006102C6 /* Controller */,
			);
			path = UserObservedList;
			sourceTree = "<group>";
		};
		9E7D3D0E2035ABEB006102C6 /* Controller */ = {
			isa = PBXGroup;
			children = (
				9E7D3D0F2035AC03006102C6 /* UserObservedListViewController.swift */,
			);
			path = Controller;
			sourceTree = "<group>";
		};
		9E7D3D112035ADA8006102C6 /* Model */ = {
			isa = PBXGroup;
			children = (
				9E7D3D122035AE11006102C6 /* MonitoringUser.swift */,
			);
			path = Model;
			sourceTree = "<group>";
		};
		9E7D3D162035BF47006102C6 /* Components */ = {
			isa = PBXGroup;
			children = (
				9E7D3D172035BF56006102C6 /* Firebase */,
			);
			path = Components;
			sourceTree = "<group>";
		};
		9E7D3D172035BF56006102C6 /* Firebase */ = {
			isa = PBXGroup;
			children = (
				9E7D3D182035BF86006102C6 /* Firebase.swift */,
			);
			path = Firebase;
			sourceTree = "<group>";
		};
/* End PBXGroup section */

/* Begin PBXNativeTarget section */
		9E49654A203451D300C138B2 /* user_monitoring_test_app */ = {
			isa = PBXNativeTarget;
			buildConfigurationList = 9E496576203451D300C138B2 /* Build configuration list for PBXNativeTarget "user_monitoring_test_app" */;
			buildPhases = (
				64580162457A13F100DDC130 /* [CP] Check Pods Manifest.lock */,
				9E496547203451D300C138B2 /* Sources */,
				9E496548203451D300C138B2 /* Frameworks */,
				9E496549203451D300C138B2 /* Resources */,
				80B0CE800E06158761E841D5 /* [CP] Embed Pods Frameworks */,
				E713BB11D5B8EFB982FE1BC3 /* [CP] Copy Pods Resources */,
			);
			buildRules = (
			);
			dependencies = (
			);
			name = user_monitoring_test_app;
			productName = user_monitoring_test_app;
			productReference = 9E49654B203451D300C138B2 /* user_monitoring_test_app.app */;
			productType = "com.apple.product-type.application";
		};
		9E496561203451D300C138B2 /* user_monitoring_test_appTests */ = {
			isa = PBXNativeTarget;
			buildConfigurationList = 9E496579203451D300C138B2 /* Build configuration list for PBXNativeTarget "user_monitoring_test_appTests" */;
			buildPhases = (
				9BC934A1AB145A3D6E2DEB24 /* [CP] Check Pods Manifest.lock */,
				9E49655E203451D300C138B2 /* Sources */,
				9E49655F203451D300C138B2 /* Frameworks */,
				9E496560203451D300C138B2 /* Resources */,
				55A5851CCA11929E08F79601 /* [CP] Embed Pods Frameworks */,
				DF4F93E21C81511A0A6C07DF /* [CP] Copy Pods Resources */,
			);
			buildRules = (
			);
			dependencies = (
				9E496564203451D300C138B2 /* PBXTargetDependency */,
			);
			name = user_monitoring_test_appTests;
			productName = user_monitoring_test_appTests;
			productReference = 9E496562203451D300C138B2 /* user_monitoring_test_appTests.xctest */;
			productType = "com.apple.product-type.bundle.unit-test";
		};
		9E49656C203451D300C138B2 /* user_monitoring_test_appUITests */ = {
			isa = PBXNativeTarget;
			buildConfigurationList = 9E49657C203451D300C138B2 /* Build configuration list for PBXNativeTarget "user_monitoring_test_appUITests" */;
			buildPhases = (
				3CCDC184B8547FF645DEB604 /* [CP] Check Pods Manifest.lock */,
				9E496569203451D300C138B2 /* Sources */,
				9E49656A203451D300C138B2 /* Frameworks */,
				9E49656B203451D300C138B2 /* Resources */,
				B99A9D50ACE27DE8C042C3F0 /* [CP] Embed Pods Frameworks */,
				273B647120951CDB568BF824 /* [CP] Copy Pods Resources */,
			);
			buildRules = (
			);
			dependencies = (
				9E49656F203451D300C138B2 /* PBXTargetDependency */,
			);
			name = user_monitoring_test_appUITests;
			productName = user_monitoring_test_appUITests;
			productReference = 9E49656D203451D300C138B2 /* user_monitoring_test_appUITests.xctest */;
			productType = "com.apple.product-type.bundle.ui-testing";
		};
/* End PBXNativeTarget section */

/* Begin PBXProject section */
		9E496543203451D300C138B2 /* Project object */ = {
			isa = PBXProject;
			attributes = {
				LastSwiftUpdateCheck = 0920;
				LastUpgradeCheck = 0920;
				ORGANIZATIONNAME = "Yan Malinovsky";
				TargetAttributes = {
					9E49654A203451D300C138B2 = {
						CreatedOnToolsVersion = 9.2;
						ProvisioningStyle = Automatic;
					};
					9E496561203451D300C138B2 = {
						CreatedOnToolsVersion = 9.2;
						ProvisioningStyle = Automatic;
						TestTargetID = 9E49654A203451D300C138B2;
					};
					9E49656C203451D300C138B2 = {
						CreatedOnToolsVersion = 9.2;
						ProvisioningStyle = Automatic;
						TestTargetID = 9E49654A203451D300C138B2;
					};
				};
			};
			buildConfigurationList = 9E496546203451D300C138B2 /* Build configuration list for PBXProject "user_monitoring_test_app" */;
			compatibilityVersion = "Xcode 8.0";
			developmentRegion = en;
			hasScannedForEncodings = 0;
			knownRegions = (
				en,
				Base,
			);
			mainGroup = 9E496542203451D300C138B2;
			productRefGroup = 9E49654C203451D300C138B2 /* Products */;
			projectDirPath = "";
			projectRoot = "";
			targets = (
				9E49654A203451D300C138B2 /* user_monitoring_test_app */,
				9E496561203451D300C138B2 /* user_monitoring_test_appTests */,
				9E49656C203451D300C138B2 /* user_monitoring_test_appUITests */,
			);
		};
/* End PBXProject section */

/* Begin PBXResourcesBuildPhase section */
		9E496549203451D300C138B2 /* Resources */ = {
			isa = PBXResourcesBuildPhase;
			buildActionMask = 2147483647;
			files = (
				9E49655C203451D300C138B2 /* LaunchScreen.storyboard in Resources */,
				9E496559203451D300C138B2 /* Assets.xcassets in Resources */,
				9E496554203451D300C138B2 /* Main.storyboard in Resources */,
			);
			runOnlyForDeploymentPostprocessing = 0;
		};
		9E496560203451D300C138B2 /* Resources */ = {
			isa = PBXResourcesBuildPhase;
			buildActionMask = 2147483647;
			files = (
			);
			runOnlyForDeploymentPostprocessing = 0;
		};
		9E49656B203451D300C138B2 /* Resources */ = {
			isa = PBXResourcesBuildPhase;
			buildActionMask = 2147483647;
			files = (
			);
			runOnlyForDeploymentPostprocessing = 0;
		};
/* End PBXResourcesBuildPhase section */

/* Begin PBXShellScriptBuildPhase section */
		273B647120951CDB568BF824 /* [CP] Copy Pods Resources */ = {
			isa = PBXShellScriptBuildPhase;
			buildActionMask = 2147483647;
			files = (
			);
			inputPaths = (
			);
			name = "[CP] Copy Pods Resources";
			outputPaths = (
			);
			runOnlyForDeploymentPostprocessing = 0;
			shellPath = /bin/sh;
			shellScript = "\"${SRCROOT}/Pods/Target Support Files/Pods-user_monitoring_test_appUITests/Pods-user_monitoring_test_appUITests-resources.sh\"\n";
			showEnvVarsInLog = 0;
		};
		3CCDC184B8547FF645DEB604 /* [CP] Check Pods Manifest.lock */ = {
			isa = PBXShellScriptBuildPhase;
			buildActionMask = 2147483647;
			files = (
			);
			inputPaths = (
				"${PODS_PODFILE_DIR_PATH}/Podfile.lock",
				"${PODS_ROOT}/Manifest.lock",
			);
			name = "[CP] Check Pods Manifest.lock";
			outputPaths = (
				"$(DERIVED_FILE_DIR)/Pods-user_monitoring_test_appUITests-checkManifestLockResult.txt",
			);
			runOnlyForDeploymentPostprocessing = 0;
			shellPath = /bin/sh;
			shellScript = "diff \"${PODS_PODFILE_DIR_PATH}/Podfile.lock\" \"${PODS_ROOT}/Manifest.lock\" > /dev/null\nif [ $? != 0 ] ; then\n    # print error to STDERR\n    echo \"error: The sandbox is not in sync with the Podfile.lock. Run 'pod install' or update your CocoaPods installation.\" >&2\n    exit 1\nfi\n# This output is used by Xcode 'outputs' to avoid re-running this script phase.\necho \"SUCCESS\" > \"${SCRIPT_OUTPUT_FILE_0}\"\n";
			showEnvVarsInLog = 0;
		};
		55A5851CCA11929E08F79601 /* [CP] Embed Pods Frameworks */ = {
			isa = PBXShellScriptBuildPhase;
			buildActionMask = 2147483647;
			files = (
			);
			inputPaths = (
			);
			name = "[CP] Embed Pods Frameworks";
			outputPaths = (
			);
			runOnlyForDeploymentPostprocessing = 0;
			shellPath = /bin/sh;
			shellScript = "\"${SRCROOT}/Pods/Target Support Files/Pods-user_monitoring_test_appTests/Pods-user_monitoring_test_appTests-frameworks.sh\"\n";
			showEnvVarsInLog = 0;
		};
		64580162457A13F100DDC130 /* [CP] Check Pods Manifest.lock */ = {
			isa = PBXShellScriptBuildPhase;
			buildActionMask = 2147483647;
			files = (
			);
			inputPaths = (
				"${PODS_PODFILE_DIR_PATH}/Podfile.lock",
				"${PODS_ROOT}/Manifest.lock",
			);
			name = "[CP] Check Pods Manifest.lock";
			outputPaths = (
				"$(DERIVED_FILE_DIR)/Pods-user_monitoring_test_app-checkManifestLockResult.txt",
			);
			runOnlyForDeploymentPostprocessing = 0;
			shellPath = /bin/sh;
			shellScript = "diff \"${PODS_PODFILE_DIR_PATH}/Podfile.lock\" \"${PODS_ROOT}/Manifest.lock\" > /dev/null\nif [ $? != 0 ] ; then\n    # print error to STDERR\n    echo \"error: The sandbox is not in sync with the Podfile.lock. Run 'pod install' or update your CocoaPods installation.\" >&2\n    exit 1\nfi\n# This output is used by Xcode 'outputs' to avoid re-running this script phase.\necho \"SUCCESS\" > \"${SCRIPT_OUTPUT_FILE_0}\"\n";
			showEnvVarsInLog = 0;
		};
		80B0CE800E06158761E841D5 /* [CP] Embed Pods Frameworks */ = {
			isa = PBXShellScriptBuildPhase;
			buildActionMask = 2147483647;
			files = (
			);
			inputPaths = (
			);
			name = "[CP] Embed Pods Frameworks";
			outputPaths = (
			);
			runOnlyForDeploymentPostprocessing = 0;
			shellPath = /bin/sh;
			shellScript = "\"${SRCROOT}/Pods/Target Support Files/Pods-user_monitoring_test_app/Pods-user_monitoring_test_app-frameworks.sh\"\n";
			showEnvVarsInLog = 0;
		};
		9BC934A1AB145A3D6E2DEB24 /* [CP] Check Pods Manifest.lock */ = {
			isa = PBXShellScriptBuildPhase;
			buildActionMask = 2147483647;
			files = (
			);
			inputPaths = (
				"${PODS_PODFILE_DIR_PATH}/Podfile.lock",
				"${PODS_ROOT}/Manifest.lock",
			);
			name = "[CP] Check Pods Manifest.lock";
			outputPaths = (
				"$(DERIVED_FILE_DIR)/Pods-user_monitoring_test_appTests-checkManifestLockResult.txt",
			);
			runOnlyForDeploymentPostprocessing = 0;
			shellPath = /bin/sh;
			shellScript = "diff \"${PODS_PODFILE_DIR_PATH}/Podfile.lock\" \"${PODS_ROOT}/Manifest.lock\" > /dev/null\nif [ $? != 0 ] ; then\n    # print error to STDERR\n    echo \"error: The sandbox is not in sync with the Podfile.lock. Run 'pod install' or update your CocoaPods installation.\" >&2\n    exit 1\nfi\n# This output is used by Xcode 'outputs' to avoid re-running this script phase.\necho \"SUCCESS\" > \"${SCRIPT_OUTPUT_FILE_0}\"\n";
			showEnvVarsInLog = 0;
		};
		B99A9D50ACE27DE8C042C3F0 /* [CP] Embed Pods Frameworks */ = {
			isa = PBXShellScriptBuildPhase;
			buildActionMask = 2147483647;
			files = (
			);
			inputPaths = (
			);
			name = "[CP] Embed Pods Frameworks";
			outputPaths = (
			);
			runOnlyForDeploymentPostprocessing = 0;
			shellPath = /bin/sh;
			shellScript = "\"${SRCROOT}/Pods/Target Support Files/Pods-user_monitoring_test_appUITests/Pods-user_monitoring_test_appUITests-frameworks.sh\"\n";
			showEnvVarsInLog = 0;
		};
		DF4F93E21C81511A0A6C07DF /* [CP] Copy Pods Resources */ = {
			isa = PBXShellScriptBuildPhase;
			buildActionMask = 2147483647;
			files = (
			);
			inputPaths = (
			);
			name = "[CP] Copy Pods Resources";
			outputPaths = (
			);
			runOnlyForDeploymentPostprocessing = 0;
			shellPath = /bin/sh;
			shellScript = "\"${SRCROOT}/Pods/Target Support Files/Pods-user_monitoring_test_appTests/Pods-user_monitoring_test_appTests-resources.sh\"\n";
			showEnvVarsInLog = 0;
		};
		E713BB11D5B8EFB982FE1BC3 /* [CP] Copy Pods Resources */ = {
			isa = PBXShellScriptBuildPhase;
			buildActionMask = 2147483647;
			files = (
			);
			inputPaths = (
				"${SRCROOT}/Pods/Target Support Files/Pods-user_monitoring_test_app/Pods-user_monitoring_test_app-resources.sh",
				"${PODS_ROOT}/GoogleMaps/Maps/Frameworks/GoogleMaps.framework/Resources/GoogleMaps.bundle",
			);
			name = "[CP] Copy Pods Resources";
			outputPaths = (
				"${TARGET_BUILD_DIR}/${UNLOCALIZED_RESOURCES_FOLDER_PATH}/GoogleMaps.bundle",
			);
			runOnlyForDeploymentPostprocessing = 0;
			shellPath = /bin/sh;
			shellScript = "\"${SRCROOT}/Pods/Target Support Files/Pods-user_monitoring_test_app/Pods-user_monitoring_test_app-resources.sh\"\n";
			showEnvVarsInLog = 0;
		};
/* End PBXShellScriptBuildPhase section */

/* Begin PBXSourcesBuildPhase section */
		9E496547203451D300C138B2 /* Sources */ = {
			isa = PBXSourcesBuildPhase;
			buildActionMask = 2147483647;
			files = (
				9E7D3D192035BF86006102C6 /* Firebase.swift in Sources */,
				9E49654F203451D300C138B2 /* AppDelegate.swift in Sources */,
				9E7D3D0C2035A269006102C6 /* GoogleMapsViewController.swift in Sources */,
				9E496557203451D300C138B2 /* user_monitoring_test_app.xcdatamodeld in Sources */,
				9E7D3D152035BC55006102C6 /* App.swift in Sources */,
				9E7D3D132035AE11006102C6 /* MonitoringUser.swift in Sources */,
				9E7D3D102035AC03006102C6 /* UserObservedListViewController.swift in Sources */,
			);
			runOnlyForDeploymentPostprocessing = 0;
		};
		9E49655E203451D300C138B2 /* Sources */ = {
			isa = PBXSourcesBuildPhase;
			buildActionMask = 2147483647;
			files = (
				9E496567203451D300C138B2 /* user_monitoring_test_appTests.swift in Sources */,
			);
			runOnlyForDeploymentPostprocessing = 0;
		};
		9E496569203451D300C138B2 /* Sources */ = {
			isa = PBXSourcesBuildPhase;
			buildActionMask = 2147483647;
			files = (
				9E496572203451D300C138B2 /* user_monitoring_test_appUITests.swift in Sources */,
			);
			runOnlyForDeploymentPostprocessing = 0;
		};
/* End PBXSourcesBuildPhase section */

/* Begin PBXTargetDependency section */
		9E496564203451D300C138B2 /* PBXTargetDependency */ = {
			isa = PBXTargetDependency;
			target = 9E49654A203451D300C138B2 /* user_monitoring_test_app */;
			targetProxy = 9E496563203451D300C138B2 /* PBXContainerItemProxy */;
		};
		9E49656F203451D300C138B2 /* PBXTargetDependency */ = {
			isa = PBXTargetDependency;
			target = 9E49654A203451D300C138B2 /* user_monitoring_test_app */;
			targetProxy = 9E49656E203451D300C138B2 /* PBXContainerItemProxy */;
		};
/* End PBXTargetDependency section */

/* Begin PBXVariantGroup section */
		9E496552203451D300C138B2 /* Main.storyboard */ = {
			isa = PBXVariantGroup;
			children = (
				9E496553203451D300C138B2 /* Base */,
			);
			name = Main.storyboard;
			sourceTree = "<group>";
		};
		9E49655A203451D300C138B2 /* LaunchScreen.storyboard */ = {
			isa = PBXVariantGroup;
			children = (
				9E49655B203451D300C138B2 /* Base */,
			);
			name = LaunchScreen.storyboard;
			sourceTree = "<group>";
		};
/* End PBXVariantGroup section */

/* Begin XCBuildConfiguration section */
		9E496574203451D300C138B2 /* Debug */ = {
			isa = XCBuildConfiguration;
			buildSettings = {
				ALWAYS_SEARCH_USER_PATHS = NO;
				CLANG_ANALYZER_NONNULL = YES;
				CLANG_ANALYZER_NUMBER_OBJECT_CONVERSION = YES_AGGRESSIVE;
				CLANG_CXX_LANGUAGE_STANDARD = "gnu++14";
				CLANG_CXX_LIBRARY = "libc++";
				CLANG_ENABLE_MODULES = YES;
				CLANG_ENABLE_OBJC_ARC = YES;
				CLANG_WARN_BLOCK_CAPTURE_AUTORELEASING = YES;
				CLANG_WARN_BOOL_CONVERSION = YES;
				CLANG_WARN_COMMA = YES;
				CLANG_WARN_CONSTANT_CONVERSION = YES;
				CLANG_WARN_DIRECT_OBJC_ISA_USAGE = YES_ERROR;
				CLANG_WARN_DOCUMENTATION_COMMENTS = YES;
				CLANG_WARN_EMPTY_BODY = YES;
				CLANG_WARN_ENUM_CONVERSION = YES;
				CLANG_WARN_INFINITE_RECURSION = YES;
				CLANG_WARN_INT_CONVERSION = YES;
				CLANG_WARN_NON_LITERAL_NULL_CONVERSION = YES;
				CLANG_WARN_OBJC_LITERAL_CONVERSION = YES;
				CLANG_WARN_OBJC_ROOT_CLASS = YES_ERROR;
				CLANG_WARN_RANGE_LOOP_ANALYSIS = YES;
				CLANG_WARN_STRICT_PROTOTYPES = YES;
				CLANG_WARN_SUSPICIOUS_MOVE = YES;
				CLANG_WARN_UNGUARDED_AVAILABILITY = YES_AGGRESSIVE;
				CLANG_WARN_UNREACHABLE_CODE = YES;
				CLANG_WARN__DUPLICATE_METHOD_MATCH = YES;
				CODE_SIGN_IDENTITY = "iPhone Developer";
				COPY_PHASE_STRIP = NO;
				DEBUG_INFORMATION_FORMAT = dwarf;
				ENABLE_STRICT_OBJC_MSGSEND = YES;
				ENABLE_TESTABILITY = YES;
				GCC_C_LANGUAGE_STANDARD = gnu11;
				GCC_DYNAMIC_NO_PIC = NO;
				GCC_NO_COMMON_BLOCKS = YES;
				GCC_OPTIMIZATION_LEVEL = 0;
				GCC_PREPROCESSOR_DEFINITIONS = (
					"DEBUG=1",
					"$(inherited)",
				);
				GCC_WARN_64_TO_32_BIT_CONVERSION = YES;
				GCC_WARN_ABOUT_RETURN_TYPE = YES_ERROR;
				GCC_WARN_UNDECLARED_SELECTOR = YES;
				GCC_WARN_UNINITIALIZED_AUTOS = YES_AGGRESSIVE;
				GCC_WARN_UNUSED_FUNCTION = YES;
				GCC_WARN_UNUSED_VARIABLE = YES;
				IPHONEOS_DEPLOYMENT_TARGET = 11.2;
				MTL_ENABLE_DEBUG_INFO = YES;
				ONLY_ACTIVE_ARCH = YES;
				SDKROOT = iphoneos;
				SWIFT_ACTIVE_COMPILATION_CONDITIONS = DEBUG;
				SWIFT_OPTIMIZATION_LEVEL = "-Onone";
			};
			name = Debug;
		};
		9E496575203451D300C138B2 /* Release */ = {
			isa = XCBuildConfiguration;
			buildSettings = {
				ALWAYS_SEARCH_USER_PATHS = NO;
				CLANG_ANALYZER_NONNULL = YES;
				CLANG_ANALYZER_NUMBER_OBJECT_CONVERSION = YES_AGGRESSIVE;
				CLANG_CXX_LANGUAGE_STANDARD = "gnu++14";
				CLANG_CXX_LIBRARY = "libc++";
				CLANG_ENABLE_MODULES = YES;
				CLANG_ENABLE_OBJC_ARC = YES;
				CLANG_WARN_BLOCK_CAPTURE_AUTORELEASING = YES;
				CLANG_WARN_BOOL_CONVERSION = YES;
				CLANG_WARN_COMMA = YES;
				CLANG_WARN_CONSTANT_CONVERSION = YES;
				CLANG_WARN_DIRECT_OBJC_ISA_USAGE = YES_ERROR;
				CLANG_WARN_DOCUMENTATION_COMMENTS = YES;
				CLANG_WARN_EMPTY_BODY = YES;
				CLANG_WARN_ENUM_CONVERSION = YES;
				CLANG_WARN_INFINITE_RECURSION = YES;
				CLANG_WARN_INT_CONVERSION = YES;
				CLANG_WARN_NON_LITERAL_NULL_CONVERSION = YES;
				CLANG_WARN_OBJC_LITERAL_CONVERSION = YES;
				CLANG_WARN_OBJC_ROOT_CLASS = YES_ERROR;
				CLANG_WARN_RANGE_LOOP_ANALYSIS = YES;
				CLANG_WARN_STRICT_PROTOTYPES = YES;
				CLANG_WARN_SUSPICIOUS_MOVE = YES;
				CLANG_WARN_UNGUARDED_AVAILABILITY = YES_AGGRESSIVE;
				CLANG_WARN_UNREACHABLE_CODE = YES;
				CLANG_WARN__DUPLICATE_METHOD_MATCH = YES;
				CODE_SIGN_IDENTITY = "iPhone Developer";
				COPY_PHASE_STRIP = NO;
				DEBUG_INFORMATION_FORMAT = "dwarf-with-dsym";
				ENABLE_NS_ASSERTIONS = NO;
				ENABLE_STRICT_OBJC_MSGSEND = YES;
				GCC_C_LANGUAGE_STANDARD = gnu11;
				GCC_NO_COMMON_BLOCKS = YES;
				GCC_WARN_64_TO_32_BIT_CONVERSION = YES;
				GCC_WARN_ABOUT_RETURN_TYPE = YES_ERROR;
				GCC_WARN_UNDECLARED_SELECTOR = YES;
				GCC_WARN_UNINITIALIZED_AUTOS = YES_AGGRESSIVE;
				GCC_WARN_UNUSED_FUNCTION = YES;
				GCC_WARN_UNUSED_VARIABLE = YES;
				IPHONEOS_DEPLOYMENT_TARGET = 11.2;
				MTL_ENABLE_DEBUG_INFO = NO;
				SDKROOT = iphoneos;
				SWIFT_OPTIMIZATION_LEVEL = "-Owholemodule";
				VALIDATE_PRODUCT = YES;
			};
			name = Release;
		};
		9E496577203451D300C138B2 /* Debug */ = {
			isa = XCBuildConfiguration;
			baseConfigurationReference = 1460DE0971E07E737FD991BE /* Pods-user_monitoring_test_app.debug.xcconfig */;
			buildSettings = {
				ASSETCATALOG_COMPILER_APPICON_NAME = AppIcon;
				CODE_SIGN_STYLE = Automatic;
				DEVELOPMENT_TEAM = PSLRJ6EG6T;
				INFOPLIST_FILE = user_monitoring_test_app/Info.plist;
				LD_RUNPATH_SEARCH_PATHS = "$(inherited) @executable_path/Frameworks";
				PRODUCT_BUNDLE_IDENTIFIER = "yan.malinovsky.user-monitoring-test-app";
				PRODUCT_NAME = "$(TARGET_NAME)";
				SWIFT_VERSION = 4.0;
				TARGETED_DEVICE_FAMILY = "1,2";
			};
			name = Debug;
		};
		9E496578203451D300C138B2 /* Release */ = {
			isa = XCBuildConfiguration;
			baseConfigurationReference = 082E282A29C0D00A4D4884BA /* Pods-user_monitoring_test_app.release.xcconfig */;
			buildSettings = {
				ASSETCATALOG_COMPILER_APPICON_NAME = AppIcon;
				CODE_SIGN_STYLE = Automatic;
				DEVELOPMENT_TEAM = PSLRJ6EG6T;
				INFOPLIST_FILE = user_monitoring_test_app/Info.plist;
				LD_RUNPATH_SEARCH_PATHS = "$(inherited) @executable_path/Frameworks";
				PRODUCT_BUNDLE_IDENTIFIER = "yan.malinovsky.user-monitoring-test-app";
				PRODUCT_NAME = "$(TARGET_NAME)";
				SWIFT_VERSION = 4.0;
				TARGETED_DEVICE_FAMILY = "1,2";
			};
			name = Release;
		};
		9E49657A203451D300C138B2 /* Debug */ = {
			isa = XCBuildConfiguration;
			baseConfigurationReference = 4555E9939DC09F493E3C39AA /* Pods-user_monitoring_test_appTests.debug.xcconfig */;
			buildSettings = {
				ALWAYS_EMBED_SWIFT_STANDARD_LIBRARIES = YES;
				BUNDLE_LOADER = "$(TEST_HOST)";
				CODE_SIGN_STYLE = Automatic;
				DEVELOPMENT_TEAM = PSLRJ6EG6T;
				INFOPLIST_FILE = user_monitoring_test_appTests/Info.plist;
				LD_RUNPATH_SEARCH_PATHS = "$(inherited) @executable_path/Frameworks @loader_path/Frameworks";
				PRODUCT_BUNDLE_IDENTIFIER = "yan.malinovsky.user-monitoring-test-appTests";
				PRODUCT_NAME = "$(TARGET_NAME)";
				SWIFT_VERSION = 4.0;
				TARGETED_DEVICE_FAMILY = "1,2";
				TEST_HOST = "$(BUILT_PRODUCTS_DIR)/user_monitoring_test_app.app/user_monitoring_test_app";
			};
			name = Debug;
		};
		9E49657B203451D300C138B2 /* Release */ = {
			isa = XCBuildConfiguration;
			baseConfigurationReference = F09863B4D5DE145F434368C9 /* Pods-user_monitoring_test_appTests.release.xcconfig */;
			buildSettings = {
				ALWAYS_EMBED_SWIFT_STANDARD_LIBRARIES = YES;
				BUNDLE_LOADER = "$(TEST_HOST)";
				CODE_SIGN_STYLE = Automatic;
				DEVELOPMENT_TEAM = PSLRJ6EG6T;
				INFOPLIST_FILE = user_monitoring_test_appTests/Info.plist;
				LD_RUNPATH_SEARCH_PATHS = "$(inherited) @executable_path/Frameworks @loader_path/Frameworks";
				PRODUCT_BUNDLE_IDENTIFIER = "yan.malinovsky.user-monitoring-test-appTests";
				PRODUCT_NAME = "$(TARGET_NAME)";
				SWIFT_VERSION = 4.0;
				TARGETED_DEVICE_FAMILY = "1,2";
				TEST_HOST = "$(BUILT_PRODUCTS_DIR)/user_monitoring_test_app.app/user_monitoring_test_app";
			};
			name = Release;
		};
		9E49657D203451D300C138B2 /* Debug */ = {
			isa = XCBuildConfiguration;
			baseConfigurationReference = 5F62F9481418D87237FC19A1 /* Pods-user_monitoring_test_appUITests.debug.xcconfig */;
			buildSettings = {
				ALWAYS_EMBED_SWIFT_STANDARD_LIBRARIES = YES;
				CODE_SIGN_STYLE = Automatic;
				DEVELOPMENT_TEAM = PSLRJ6EG6T;
				INFOPLIST_FILE = user_monitoring_test_appUITests/Info.plist;
				LD_RUNPATH_SEARCH_PATHS = "$(inherited) @executable_path/Frameworks @loader_path/Frameworks";
				PRODUCT_BUNDLE_IDENTIFIER = "yan.malinovsky.user-monitoring-test-appUITests";
				PRODUCT_NAME = "$(TARGET_NAME)";
				SWIFT_VERSION = 4.0;
				TARGETED_DEVICE_FAMILY = "1,2";
				TEST_TARGET_NAME = user_monitoring_test_app;
			};
			name = Debug;
		};
		9E49657E203451D300C138B2 /* Release */ = {
			isa = XCBuildConfiguration;
			baseConfigurationReference = 0B6B97417D75A7FF85E2222C /* Pods-user_monitoring_test_appUITests.release.xcconfig */;
			buildSettings = {
				ALWAYS_EMBED_SWIFT_STANDARD_LIBRARIES = YES;
				CODE_SIGN_STYLE = Automatic;
				DEVELOPMENT_TEAM = PSLRJ6EG6T;
				INFOPLIST_FILE = user_monitoring_test_appUITests/Info.plist;
				LD_RUNPATH_SEARCH_PATHS = "$(inherited) @executable_path/Frameworks @loader_path/Frameworks";
				PRODUCT_BUNDLE_IDENTIFIER = "yan.malinovsky.user-monitoring-test-appUITests";
				PRODUCT_NAME = "$(TARGET_NAME)";
				SWIFT_VERSION = 4.0;
				TARGETED_DEVICE_FAMILY = "1,2";
				TEST_TARGET_NAME = user_monitoring_test_app;
			};
			name = Release;
		};
/* End XCBuildConfiguration section */

/* Begin XCConfigurationList section */
		9E496546203451D300C138B2 /* Build configuration list for PBXProject "user_monitoring_test_app" */ = {
			isa = XCConfigurationList;
			buildConfigurations = (
				9E496574203451D300C138B2 /* Debug */,
				9E496575203451D300C138B2 /* Release */,
			);
			defaultConfigurationIsVisible = 0;
			defaultConfigurationName = Release;
		};
		9E496576203451D300C138B2 /* Build configuration list for PBXNativeTarget "user_monitoring_test_app" */ = {
			isa = XCConfigurationList;
			buildConfigurations = (
				9E496577203451D300C138B2 /* Debug */,
				9E496578203451D300C138B2 /* Release */,
			);
			defaultConfigurationIsVisible = 0;
			defaultConfigurationName = Release;
		};
		9E496579203451D300C138B2 /* Build configuration list for PBXNativeTarget "user_monitoring_test_appTests" */ = {
			isa = XCConfigurationList;
			buildConfigurations = (
				9E49657A203451D300C138B2 /* Debug */,
				9E49657B203451D300C138B2 /* Release */,
			);
			defaultConfigurationIsVisible = 0;
			defaultConfigurationName = Release;
		};
		9E49657C203451D300C138B2 /* Build configuration list for PBXNativeTarget "user_monitoring_test_appUITests" */ = {
			isa = XCConfigurationList;
			buildConfigurations = (
				9E49657D203451D300C138B2 /* Debug */,
				9E49657E203451D300C138B2 /* Release */,
			);
			defaultConfigurationIsVisible = 0;
			defaultConfigurationName = Release;
		};
/* End XCConfigurationList section */

/* Begin XCVersionGroup section */
		9E496555203451D300C138B2 /* user_monitoring_test_app.xcdatamodeld */ = {
			isa = XCVersionGroup;
			children = (
				9E496556203451D300C138B2 /* user_monitoring_test_app.xcdatamodel */,
			);
			currentVersion = 9E496556203451D300C138B2 /* user_monitoring_test_app.xcdatamodel */;
			path = user_monitoring_test_app.xcdatamodeld;
			sourceTree = "<group>";
			versionGroupType = wrapper.xcdatamodel;
		};
/* End XCVersionGroup section */
	};
	rootObject = 9E496543203451D300C138B2 /* Project object */;
}
